
Microsoft Visual Studio Solution File, Format Version 12.00
# Visual Studio Version 17
VisualStudioVersion = 17.8.34330.188
MinimumVisualStudioVersion = 10.0.40219.1
Project("{9A19103F-16F7-4668-BE54-9A1E7A4F7556}") = "UserIdentityApplication", "UserIdentityApplication\UserIdentityApplication.csproj", "{BDF2945E-563D-482D-A498-DFFFD7E62214}"
EndProject
Project("{2150E333-8FDC-42A3-9474-1A3956D46DE8}") = ".github", ".github", "{4CE46845-C496-4C3E-9AB7-0360136C0632}"
EndProject
Project("{2150E333-8FDC-42A3-9474-1A3956D46DE8}") = "workflows", "workflows", "{E850D440-662F-4CBD-A345-C6E5FA04CC93}"
	ProjectSection(SolutionItems) = preProject
		NewTest.yml = NewTest.yml
	EndProjectSection
EndProject
Global
	GlobalSection(SolutionConfigurationPlatforms) = preSolution
		Debug|Any CPU = Debug|Any CPU
		Release|Any CPU = Release|Any CPU
	EndGlobalSection
	GlobalSection(ProjectConfigurationPlatforms) = postSolution
		{BDF2945E-563D-482D-A498-DFFFD7E62214}.Debug|Any CPU.ActiveCfg = Debug|Any CPU
		{BDF2945E-563D-482D-A498-DFFFD7E62214}.Debug|Any CPU.Build.0 = Debug|Any CPU
		{BDF2945E-563D-482D-A498-DFFFD7E62214}.Release|Any CPU.ActiveCfg = Release|Any CPU
		{BDF2945E-563D-482D-A498-DFFFD7E62214}.Release|Any CPU.Build.0 = Release|Any CPU
	EndGlobalSection
	GlobalSection(SolutionProperties) = preSolution
		HideSolutionNode = FALSE
	EndGlobalSection
	GlobalSection(NestedProjects) = preSolution
		{E850D440-662F-4CBD-A345-C6E5FA04CC93} = {4CE46845-C496-4C3E-9AB7-0360136C0632}
	EndGlobalSection
	GlobalSection(ExtensibilityGlobals) = postSolution
		SolutionGuid = {BCB2E64D-D81B-424F-82D7-200FAC91B811}
	EndGlobalSection
EndGlobal
